{
	"_readme": [
		"This file locks the dependencies of your project to a known state",
		"Read more about it at https://getcomposer.org/doc/01-basic-usage.md#installing-dependencies",
		"This file is @generated automatically"
	],
	"content-hash": "3034792fee1afcbf4f0ce3346a92a3c2",
	"packages": [
		{
			"name": "wpessential/wpessential-hero",
			"version": "dev-main",
			"source": {
				"type": "git",
				"url": "git@github.com:wpessential/wpessential-hero.git",
				"reference": "e31a5a3ef445285d50f6e428f758aa5760a8286e"
			},
			"dist": {
				"type": "zip",
				"url": "https://api.github.com/repos/wpessential/wpessential-hero/zipball/e31a5a3ef445285d50f6e428f758aa5760a8286e",
				"reference": "e31a5a3ef445285d50f6e428f758aa5760a8286e",
				"shasum": ""
			},
			"default-branch": true,
			"type": "library",
			"autoload": {
				"psr-4": {
					"WPEssential\\Theme\\": "inc"
				}
			},
			"description": "It used to build and run the wp query and return the results.",
			"homepage": "https://wpessential.org/",
			"keywords": [
				"theme"
			],
			"support": {
				"source": "https://github.com/wpessential/wpessential-hero/tree/main",
				"issues": "https://github.com/wpessential/wpessential-hero/issues"
			},
			"time": "2023-09-11T22:32:53+00:00"
		}
	],
	"packages-dev": [],
	"aliases": [],
	"minimum-stability": "stable",
	"stability-flags": {
		"wpessential/wpessential-hero": 20
	},
	"prefer-stable": false,
	"prefer-lowest": false,
	"platform": [],
	"platform-dev": [],
	"plugin-api-version": "2.3.0"
}
